
Microsoft Visual Studio Solution File, Format Version 12.00
# Visual Studio Version 16
VisualStudioVersion = 16.0.29230.47
MinimumVisualStudioVersion = 10.0.40219.1
Project("{FAE04EC0-301F-11D3-BF4B-00C04F79EFBC}") = "AI Helper", "AI Girl Helper\AI Helper.csproj", "{6E16DB2A-586F-49D9-BFC8-FBEC0D3DF6C7}"
EndProject
Project("{2150E333-8FDC-42A3-9474-1A3956D46DE8}") = "Solution Items", "Solution Items", "{32508D53-DDDE-4F2B-8101-0E81DF395982}"
	ProjectSection(SolutionItems) = preProject
		.editorconfig = .editorconfig
	EndProjectSection
EndProject
Project("{2150E333-8FDC-42A3-9474-1A3956D46DE8}") = "src", "src", "{27E06EF2-8392-4E2C-9B2D-51614FA22584}"
EndProject
Project("{2150E333-8FDC-42A3-9474-1A3956D46DE8}") = "Tests", "Tests", "{36A10CC3-496E-45CA-AA17-A5097D8FA55A}"
EndProject
Project("{9A19103F-16F7-4668-BE54-9A1E7A4F7556}") = "AI Helper.Tests", "AI Helper.Tests\AI Helper.Tests.csproj", "{DCBD3E15-583C-4DC3-829B-C34DFECD3D84}"
EndProject
Project("{FAE04EC0-301F-11D3-BF4B-00C04F79EFBC}") = "GetListOfSubClasses", "K:\0GIT\[TokcDK]\LC\LibsCollection\GetListOfSubClasses\GetListOfSubClasses.csproj", "{FD599904-9718-4FAF-A7B0-48F5D1BE39E0}"
EndProject
Project("{FAE04EC0-301F-11D3-BF4B-00C04F79EFBC}") = "INIFileMan", "K:\0GIT\[TokcDK]\LC\LibsCollection\INIFileMan\INIFileMan.csproj", "{40AC8009-CECD-44D0-B564-96E07237FD1A}"
EndProject
Project("{2150E333-8FDC-42A3-9474-1A3956D46DE8}") = "External", "External", "{CF563EBD-B93A-434C-AF1F-B2F853E4CE7E}"
EndProject
Global
	GlobalSection(SolutionConfigurationPlatforms) = preSolution
		Debug|Any CPU = Debug|Any CPU
		Debug|x64 = Debug|x64
		Release|Any CPU = Release|Any CPU
		Release|x64 = Release|x64
	EndGlobalSection
	GlobalSection(ProjectConfigurationPlatforms) = postSolution
		{6E16DB2A-586F-49D9-BFC8-FBEC0D3DF6C7}.Debug|Any CPU.ActiveCfg = Debug|Any CPU
		{6E16DB2A-586F-49D9-BFC8-FBEC0D3DF6C7}.Debug|Any CPU.Build.0 = Debug|Any CPU
		{6E16DB2A-586F-49D9-BFC8-FBEC0D3DF6C7}.Debug|x64.ActiveCfg = Debug|x64
		{6E16DB2A-586F-49D9-BFC8-FBEC0D3DF6C7}.Debug|x64.Build.0 = Debug|x64
		{6E16DB2A-586F-49D9-BFC8-FBEC0D3DF6C7}.Release|Any CPU.ActiveCfg = Release|Any CPU
		{6E16DB2A-586F-49D9-BFC8-FBEC0D3DF6C7}.Release|Any CPU.Build.0 = Release|Any CPU
		{6E16DB2A-586F-49D9-BFC8-FBEC0D3DF6C7}.Release|x64.ActiveCfg = Release|x64
		{6E16DB2A-586F-49D9-BFC8-FBEC0D3DF6C7}.Release|x64.Build.0 = Release|x64
		{DCBD3E15-583C-4DC3-829B-C34DFECD3D84}.Debug|Any CPU.ActiveCfg = Debug|Any CPU
		{DCBD3E15-583C-4DC3-829B-C34DFECD3D84}.Debug|Any CPU.Build.0 = Debug|Any CPU
		{DCBD3E15-583C-4DC3-829B-C34DFECD3D84}.Debug|x64.ActiveCfg = Debug|Any CPU
		{DCBD3E15-583C-4DC3-829B-C34DFECD3D84}.Debug|x64.Build.0 = Debug|Any CPU
		{DCBD3E15-583C-4DC3-829B-C34DFECD3D84}.Release|Any CPU.ActiveCfg = Release|Any CPU
		{DCBD3E15-583C-4DC3-829B-C34DFECD3D84}.Release|Any CPU.Build.0 = Release|Any CPU
		{DCBD3E15-583C-4DC3-829B-C34DFECD3D84}.Release|x64.ActiveCfg = Release|Any CPU
		{DCBD3E15-583C-4DC3-829B-C34DFECD3D84}.Release|x64.Build.0 = Release|Any CPU
		{FD599904-9718-4FAF-A7B0-48F5D1BE39E0}.Debug|Any CPU.ActiveCfg = Debug|Any CPU
		{FD599904-9718-4FAF-A7B0-48F5D1BE39E0}.Debug|Any CPU.Build.0 = Debug|Any CPU
		{FD599904-9718-4FAF-A7B0-48F5D1BE39E0}.Debug|x64.ActiveCfg = Debug|Any CPU
		{FD599904-9718-4FAF-A7B0-48F5D1BE39E0}.Debug|x64.Build.0 = Debug|Any CPU
		{FD599904-9718-4FAF-A7B0-48F5D1BE39E0}.Release|Any CPU.ActiveCfg = Release|Any CPU
		{FD599904-9718-4FAF-A7B0-48F5D1BE39E0}.Release|Any CPU.Build.0 = Release|Any CPU
		{FD599904-9718-4FAF-A7B0-48F5D1BE39E0}.Release|x64.ActiveCfg = Release|Any CPU
		{FD599904-9718-4FAF-A7B0-48F5D1BE39E0}.Release|x64.Build.0 = Release|Any CPU
		{40AC8009-CECD-44D0-B564-96E07237FD1A}.Debug|Any CPU.ActiveCfg = Debug|Any CPU
		{40AC8009-CECD-44D0-B564-96E07237FD1A}.Debug|Any CPU.Build.0 = Debug|Any CPU
		{40AC8009-CECD-44D0-B564-96E07237FD1A}.Debug|x64.ActiveCfg = Debug|Any CPU
		{40AC8009-CECD-44D0-B564-96E07237FD1A}.Debug|x64.Build.0 = Debug|Any CPU
		{40AC8009-CECD-44D0-B564-96E07237FD1A}.Release|Any CPU.ActiveCfg = Release|Any CPU
		{40AC8009-CECD-44D0-B564-96E07237FD1A}.Release|Any CPU.Build.0 = Release|Any CPU
		{40AC8009-CECD-44D0-B564-96E07237FD1A}.Release|x64.ActiveCfg = Release|Any CPU
		{40AC8009-CECD-44D0-B564-96E07237FD1A}.Release|x64.Build.0 = Release|Any CPU
	EndGlobalSection
	GlobalSection(SolutionProperties) = preSolution
		HideSolutionNode = FALSE
	EndGlobalSection
	GlobalSection(NestedProjects) = preSolution
		{6E16DB2A-586F-49D9-BFC8-FBEC0D3DF6C7} = {27E06EF2-8392-4E2C-9B2D-51614FA22584}
		{DCBD3E15-583C-4DC3-829B-C34DFECD3D84} = {36A10CC3-496E-45CA-AA17-A5097D8FA55A}
		{FD599904-9718-4FAF-A7B0-48F5D1BE39E0} = {CF563EBD-B93A-434C-AF1F-B2F853E4CE7E}
		{40AC8009-CECD-44D0-B564-96E07237FD1A} = {CF563EBD-B93A-434C-AF1F-B2F853E4CE7E}
		{CF563EBD-B93A-434C-AF1F-B2F853E4CE7E} = {27E06EF2-8392-4E2C-9B2D-51614FA22584}
	EndGlobalSection
	GlobalSection(ExtensibilityGlobals) = postSolution
		SolutionGuid = {E6619618-7F5E-4AA7-9756-C6CA2B7BAD64}
	EndGlobalSection
EndGlobal
